
Microsoft Visual Studio Solution File, Format Version 12.00
# Visual Studio Version 17
VisualStudioVersion = 17.14.36414.22 d17.14
MinimumVisualStudioVersion = 10.0.40219.1
Project("{FAE04EC0-301F-11D3-BF4B-00C04F79EFBC}") = "CoreMVCWebAPI", "CoreMVCWebAPI\CoreMVCWebAPI.csproj", "{300F4C67-612D-4688-84F2-D50F898DB0D1}"
EndProject
Global
	GlobalSection(SolutionConfigurationPlatforms) = preSolution
		Debug|Any CPU = Debug|Any CPU
		Release|Any CPU = Release|Any CPU
	EndGlobalSection
	GlobalSection(ProjectConfigurationPlatforms) = postSolution
		{300F4C67-612D-4688-84F2-D50F898DB0D1}.Debug|Any CPU.ActiveCfg = Debug|Any CPU
		{300F4C67-612D-4688-84F2-D50F898DB0D1}.Debug|Any CPU.Build.0 = Debug|Any CPU
		{300F4C67-612D-4688-84F2-D50F898DB0D1}.Release|Any CPU.ActiveCfg = Release|Any CPU
		{300F4C67-612D-4688-84F2-D50F898DB0D1}.Release|Any CPU.Build.0 = Release|Any CPU
	EndGlobalSection
	GlobalSection(SolutionProperties) = preSolution
		HideSolutionNode = FALSE
	EndGlobalSection
	GlobalSection(ExtensibilityGlobals) = postSolution
		SolutionGuid = {805E1315-1A66-4C47-8D3C-724A8E710152}
	EndGlobalSection
EndGlobal
